
Microsoft Visual Studio Solution File, Format Version 12.00
# Visual Studio 15
VisualStudioVersion = 15.0.27004.2008
MinimumVisualStudioVersion = 10.0.40219.1
Project("{FAE04EC0-301F-11D3-BF4B-00C04F79EFBC}") = "Primes", "Primes\Primes.csproj", "{151CF38B-D433-466D-A3FD-2FD158555EB1}"
EndProject
Global
	GlobalSection(SolutionConfigurationPlatforms) = preSolution
		Debug|Any CPU = Debug|Any CPU
		l|Any CPU = l|Any CPU
		Release|Any CPU = Release|Any CPU
	EndGlobalSection
	GlobalSection(ProjectConfigurationPlatforms) = postSolution
		{151CF38B-D433-466D-A3FD-2FD158555EB1}.Debug|Any CPU.ActiveCfg = Debug|Any CPU
		{151CF38B-D433-466D-A3FD-2FD158555EB1}.Debug|Any CPU.Build.0 = Debug|Any CPU
		{151CF38B-D433-466D-A3FD-2FD158555EB1}.l|Any CPU.ActiveCfg = l|Any CPU
		{151CF38B-D433-466D-A3FD-2FD158555EB1}.Release|Any CPU.ActiveCfg = Release|Any CPU
		{151CF38B-D433-466D-A3FD-2FD158555EB1}.Release|Any CPU.Build.0 = Release|Any CPU
	EndGlobalSection
	GlobalSection(SolutionProperties) = preSolution
		HideSolutionNode = FALSE
	EndGlobalSection
	GlobalSection(ExtensibilityGlobals) = postSolution
		SolutionGuid = {1CCBD54B-67B3-411C-81D9-593DFF33FE7B}
	EndGlobalSection
EndGlobal
